// !$*UTF8*$!
{
	archiveVersion = 1;
	classes = {
	};
	objectVersion = 46;
	objects = {

/* Begin PBXBuildFile section */
		A63E4C531D17AFA9007F8C45 /* main.m in Sources */ = {isa = PBXBuildFile; fileRef = A63E4C521D17AFA9007F8C45 /* main.m */; };
		A63E4C561D17AFA9007F8C45 /* AppDelegate.m in Sources */ = {isa = PBXBuildFile; fileRef = A63E4C551D17AFA9007F8C45 /* AppDelegate.m */; };
		A63E4C5E1D17AFA9007F8C45 /* Assets.xcassets in Resources */ = {isa = PBXBuildFile; fileRef = A63E4C5D1D17AFA9007F8C45 /* Assets.xcassets */; };
		A63E4C6C1D17AFAA007F8C45 /* KNMTests.m in Sources */ = {isa = PBXBuildFile; fileRef = A63E4C6B1D17AFAA007F8C45 /* KNMTests.m */; };
		A63E4C791D17B000007F8C45 /* FirstViewController.m in Sources */ = {isa = PBXBuildFile; fileRef = A63E4C771D17B000007F8C45 /* FirstViewController.m */; };
		A63E4C7A1D17B000007F8C45 /* FirstViewController.xib in Resources */ = {isa = PBXBuildFile; fileRef = A63E4C781D17B000007F8C45 /* FirstViewController.xib */; };
		A63E4C7E1D17B1DE007F8C45 /* LoginViewController.m in Sources */ = {isa = PBXBuildFile; fileRef = A63E4C7C1D17B1DE007F8C45 /* LoginViewController.m */; };
		A63E4C7F1D17B1DE007F8C45 /* LoginViewController.xib in Resources */ = {isa = PBXBuildFile; fileRef = A63E4C7D1D17B1DE007F8C45 /* LoginViewController.xib */; };
		A63E4C831D17B518007F8C45 /* LaunchScreen.xib in Resources */ = {isa = PBXBuildFile; fileRef = A63E4C821D17B518007F8C45 /* LaunchScreen.xib */; };
		A63E4C851D17BC1D007F8C45 /* Background.png in Resources */ = {isa = PBXBuildFile; fileRef = A63E4C841D17BC1D007F8C45 /* Background.png */; };
		A63E4C871D17BC20007F8C45 /* TextFieldBg.png in Resources */ = {isa = PBXBuildFile; fileRef = A63E4C861D17BC20007F8C45 /* TextFieldBg.png */; };
		A63E4C891D17C0C4007F8C45 /* social.png in Resources */ = {isa = PBXBuildFile; fileRef = A63E4C881D17C0C4007F8C45 /* social.png */; };
		A6A8C5711D1809EE00FD2748 /* Api_Handler.m in Sources */ = {isa = PBXBuildFile; fileRef = A6A8C5621D1809EE00FD2748 /* Api_Handler.m */; };
		A6A8C5721D1809EE00FD2748 /* NSObject+SBJSON.m in Sources */ = {isa = PBXBuildFile; fileRef = A6A8C5651D1809EE00FD2748 /* NSObject+SBJSON.m */; };
		A6A8C5731D1809EE00FD2748 /* NSString+SBJSON.m in Sources */ = {isa = PBXBuildFile; fileRef = A6A8C5671D1809EE00FD2748 /* NSString+SBJSON.m */; };
		A6A8C5741D1809EE00FD2748 /* SBJSON.m in Sources */ = {isa = PBXBuildFile; fileRef = A6A8C56A1D1809EE00FD2748 /* SBJSON.m */; };
		A6A8C5751D1809EE00FD2748 /* SBJsonBase.m in Sources */ = {isa = PBXBuildFile; fileRef = A6A8C56C1D1809EE00FD2748 /* SBJsonBase.m */; };
		A6A8C5761D1809EE00FD2748 /* SBJsonParser.m in Sources */ = {isa = PBXBuildFile; fileRef = A6A8C56E1D1809EE00FD2748 /* SBJsonParser.m */; };
		A6A8C5771D1809EE00FD2748 /* SBJsonWriter.m in Sources */ = {isa = PBXBuildFile; fileRef = A6A8C5701D1809EE00FD2748 /* SBJsonWriter.m */; };
/* End PBXBuildFile section */

/* Begin PBXContainerItemProxy section */
		A63E4C681D17AFAA007F8C45 /* PBXContainerItemProxy */ = {
			isa = PBXContainerItemProxy;
			containerPortal = A63E4C461D17AFA8007F8C45 /* Project object */;
			proxyType = 1;
			remoteGlobalIDString = A63E4C4D1D17AFA9007F8C45;
			remoteInfo = KNM;
		};
/* End PBXContainerItemProxy section */

/* Begin PBXFileReference section */
		A63E4C4E1D17AFA9007F8C45 /* KNM.app */ = {isa = PBXFileReference; explicitFileType = wrapper.application; includeInIndex = 0; path = KNM.app; sourceTree = BUILT_PRODUCTS_DIR; };
		A63E4C521D17AFA9007F8C45 /* main.m */ = {isa = PBXFileReference; lastKnownFileType = sourcecode.c.objc; path = main.m; sourceTree = "<group>"; };
		A63E4C541D17AFA9007F8C45 /* AppDelegate.h */ = {isa = PBXFileReference; lastKnownFileType = sourcecode.c.h; path = AppDelegate.h; sourceTree = "<group>"; };
		A63E4C551D17AFA9007F8C45 /* AppDelegate.m */ = {isa = PBXFileReference; lastKnownFileType = sourcecode.c.objc; path = AppDelegate.m; sourceTree = "<group>"; };
		A63E4C5D1D17AFA9007F8C45 /* Assets.xcassets */ = {isa = PBXFileReference; lastKnownFileType = folder.assetcatalog; path = Assets.xcassets; sourceTree = "<group>"; };
		A63E4C621D17AFA9007F8C45 /* Info.plist */ = {isa = PBXFileReference; lastKnownFileType = text.plist.xml; path = Info.plist; sourceTree = "<group>"; };
		A63E4C671D17AFAA007F8C45 /* KNMTests.xctest */ = {isa = PBXFileReference; explicitFileType = wrapper.cfbundle; includeInIndex = 0; path = KNMTests.xctest; sourceTree = BUILT_PRODUCTS_DIR; };
		A63E4C6B1D17AFAA007F8C45 /* KNMTests.m */ = {isa = PBXFileReference; lastKnownFileType = sourcecode.c.objc; path = KNMTests.m; sourceTree = "<group>"; };
		A63E4C6D1D17AFAA007F8C45 /* Info.plist */ = {isa = PBXFileReference; lastKnownFileType = text.plist.xml; path = Info.plist; sourceTree = "<group>"; };
		A63E4C761D17B000007F8C45 /* FirstViewController.h */ = {isa = PBXFileReference; fileEncoding = 4; lastKnownFileType = sourcecode.c.h; path = FirstViewController.h; sourceTree = "<group>"; };
		A63E4C771D17B000007F8C45 /* FirstViewController.m */ = {isa = PBXFileReference; fileEncoding = 4; lastKnownFileType = sourcecode.c.objc; path = FirstViewController.m; sourceTree = "<group>"; };
		A63E4C781D17B000007F8C45 /* FirstViewController.xib */ = {isa = PBXFileReference; fileEncoding = 4; lastKnownFileType = file.xib; path = FirstViewController.xib; sourceTree = "<group>"; };
		A63E4C7B1D17B1DE007F8C45 /* LoginViewController.h */ = {isa = PBXFileReference; fileEncoding = 4; lastKnownFileType = sourcecode.c.h; path = LoginViewController.h; sourceTree = "<group>"; };
		A63E4C7C1D17B1DE007F8C45 /* LoginViewController.m */ = {isa = PBXFileReference; fileEncoding = 4; lastKnownFileType = sourcecode.c.objc; path = LoginViewController.m; sourceTree = "<group>"; };
		A63E4C7D1D17B1DE007F8C45 /* LoginViewController.xib */ = {isa = PBXFileReference; fileEncoding = 4; lastKnownFileType = file.xib; path = LoginViewController.xib; sourceTree = "<group>"; };
		A63E4C821D17B518007F8C45 /* LaunchScreen.xib */ = {isa = PBXFileReference; fileEncoding = 4; lastKnownFileType = file.xib; path = LaunchScreen.xib; sourceTree = "<group>"; };
		A63E4C841D17BC1D007F8C45 /* Background.png */ = {isa = PBXFileReference; lastKnownFileType = image.png; path = Background.png; sourceTree = "<group>"; };
		A63E4C861D17BC20007F8C45 /* TextFieldBg.png */ = {isa = PBXFileReference; lastKnownFileType = image.png; path = TextFieldBg.png; sourceTree = "<group>"; };
		A63E4C881D17C0C4007F8C45 /* social.png */ = {isa = PBXFileReference; lastKnownFileType = image.png; path = social.png; sourceTree = "<group>"; };
		A6A8C5611D1809EE00FD2748 /* Api_Handler.h */ = {isa = PBXFileReference; fileEncoding = 4; lastKnownFileType = sourcecode.c.h; path = Api_Handler.h; sourceTree = "<group>"; };
		A6A8C5621D1809EE00FD2748 /* Api_Handler.m */ = {isa = PBXFileReference; fileEncoding = 4; lastKnownFileType = sourcecode.c.objc; path = Api_Handler.m; sourceTree = "<group>"; };
		A6A8C5631D1809EE00FD2748 /* JSON.h */ = {isa = PBXFileReference; fileEncoding = 4; lastKnownFileType = sourcecode.c.h; path = JSON.h; sourceTree = "<group>"; };
		A6A8C5641D1809EE00FD2748 /* NSObject+SBJSON.h */ = {isa = PBXFileReference; fileEncoding = 4; lastKnownFileType = sourcecode.c.h; path = "NSObject+SBJSON.h"; sourceTree = "<group>"; };
		A6A8C5651D1809EE00FD2748 /* NSObject+SBJSON.m */ = {isa = PBXFileReference; fileEncoding = 4; lastKnownFileType = sourcecode.c.objc; path = "NSObject+SBJSON.m"; sourceTree = "<group>"; };
		A6A8C5661D1809EE00FD2748 /* NSString+SBJSON.h */ = {isa = PBXFileReference; fileEncoding = 4; lastKnownFileType = sourcecode.c.h; path = "NSString+SBJSON.h"; sourceTree = "<group>"; };
		A6A8C5671D1809EE00FD2748 /* NSString+SBJSON.m */ = {isa = PBXFileReference; fileEncoding = 4; lastKnownFileType = sourcecode.c.objc; path = "NSString+SBJSON.m"; sourceTree = "<group>"; };
		A6A8C5681D1809EE00FD2748 /* RedLaserSDK.h */ = {isa = PBXFileReference; fileEncoding = 4; lastKnownFileType = sourcecode.c.h; path = RedLaserSDK.h; sourceTree = "<group>"; };
		A6A8C5691D1809EE00FD2748 /* SBJSON.h */ = {isa = PBXFileReference; fileEncoding = 4; lastKnownFileType = sourcecode.c.h; path = SBJSON.h; sourceTree = "<group>"; };
		A6A8C56A1D1809EE00FD2748 /* SBJSON.m */ = {isa = PBXFileReference; fileEncoding = 4; lastKnownFileType = sourcecode.c.objc; path = SBJSON.m; sourceTree = "<group>"; };
		A6A8C56B1D1809EE00FD2748 /* SBJsonBase.h */ = {isa = PBXFileReference; fileEncoding = 4; lastKnownFileType = sourcecode.c.h; path = SBJsonBase.h; sourceTree = "<group>"; };
		A6A8C56C1D1809EE00FD2748 /* SBJsonBase.m */ = {isa = PBXFileReference; fileEncoding = 4; lastKnownFileType = sourcecode.c.objc; path = SBJsonBase.m; sourceTree = "<group>"; };
		A6A8C56D1D1809EE00FD2748 /* SBJsonParser.h */ = {isa = PBXFileReference; fileEncoding = 4; lastKnownFileType = sourcecode.c.h; path = SBJsonParser.h; sourceTree = "<group>"; };
		A6A8C56E1D1809EE00FD2748 /* SBJsonParser.m */ = {isa = PBXFileReference; fileEncoding = 4; lastKnownFileType = sourcecode.c.objc; path = SBJsonParser.m; sourceTree = "<group>"; };
		A6A8C56F1D1809EE00FD2748 /* SBJsonWriter.h */ = {isa = PBXFileReference; fileEncoding = 4; lastKnownFileType = sourcecode.c.h; path = SBJsonWriter.h; sourceTree = "<group>"; };
		A6A8C5701D1809EE00FD2748 /* SBJsonWriter.m */ = {isa = PBXFileReference; fileEncoding = 4; lastKnownFileType = sourcecode.c.objc; path = SBJsonWriter.m; sourceTree = "<group>"; };
/* End PBXFileReference section */

/* Begin PBXFrameworksBuildPhase section */
		A63E4C4B1D17AFA9007F8C45 /* Frameworks */ = {
			isa = PBXFrameworksBuildPhase;
			buildActionMask = 2147483647;
			files = (
			);
			runOnlyForDeploymentPostprocessing = 0;
		};
		A63E4C641D17AFAA007F8C45 /* Frameworks */ = {
			isa = PBXFrameworksBuildPhase;
			buildActionMask = 2147483647;
			files = (
			);
			runOnlyForDeploymentPostprocessing = 0;
		};
/* End PBXFrameworksBuildPhase section */

/* Begin PBXGroup section */
		A63E4C451D17AFA8007F8C45 = {
			isa = PBXGroup;
			children = (
				A63E4C501D17AFA9007F8C45 /* KNM */,
				A63E4C6A1D17AFAA007F8C45 /* KNMTests */,
				A63E4C4F1D17AFA9007F8C45 /* Products */,
			);
			sourceTree = "<group>";
		};
		A63E4C4F1D17AFA9007F8C45 /* Products */ = {
			isa = PBXGroup;
			children = (
				A63E4C4E1D17AFA9007F8C45 /* KNM.app */,
				A63E4C671D17AFAA007F8C45 /* KNMTests.xctest */,
			);
			name = Products;
			sourceTree = "<group>";
		};
		A63E4C501D17AFA9007F8C45 /* KNM */ = {
			isa = PBXGroup;
			children = (
				A6A8C5601D1809EE00FD2748 /* JSON */,
				A63E4C811D17B28A007F8C45 /* Images */,
				A63E4C801D17B229007F8C45 /* KNMclass */,
				A63E4C5D1D17AFA9007F8C45 /* Assets.xcassets */,
				A63E4C621D17AFA9007F8C45 /* Info.plist */,
				A63E4C821D17B518007F8C45 /* LaunchScreen.xib */,
				A63E4C511D17AFA9007F8C45 /* Supporting Files */,
			);
			path = KNM;
			sourceTree = "<group>";
		};
		A63E4C511D17AFA9007F8C45 /* Supporting Files */ = {
			isa = PBXGroup;
			children = (
				A63E4C521D17AFA9007F8C45 /* main.m */,
			);
			name = "Supporting Files";
			sourceTree = "<group>";
		};
		A63E4C6A1D17AFAA007F8C45 /* KNMTests */ = {
			isa = PBXGroup;
			children = (
				A63E4C6B1D17AFAA007F8C45 /* KNMTests.m */,
				A63E4C6D1D17AFAA007F8C45 /* Info.plist */,
			);
			path = KNMTests;
			sourceTree = "<group>";
		};
		A63E4C801D17B229007F8C45 /* KNMclass */ = {
			isa = PBXGroup;
			children = (
				A63E4C541D17AFA9007F8C45 /* AppDelegate.h */,
				A63E4C551D17AFA9007F8C45 /* AppDelegate.m */,
				A63E4C761D17B000007F8C45 /* FirstViewController.h */,
				A63E4C771D17B000007F8C45 /* FirstViewController.m */,
				A63E4C781D17B000007F8C45 /* FirstViewController.xib */,
				A63E4C7B1D17B1DE007F8C45 /* LoginViewController.h */,
				A63E4C7C1D17B1DE007F8C45 /* LoginViewController.m */,
				A63E4C7D1D17B1DE007F8C45 /* LoginViewController.xib */,
			);
			name = KNMclass;
			sourceTree = "<group>";
		};
		A63E4C811D17B28A007F8C45 /* Images */ = {
			isa = PBXGroup;
			children = (
				A63E4C861D17BC20007F8C45 /* TextFieldBg.png */,
				A63E4C881D17C0C4007F8C45 /* social.png */,
				A63E4C841D17BC1D007F8C45 /* Background.png */,
			);
			name = Images;
			sourceTree = "<group>";
		};
		A6A8C5601D1809EE00FD2748 /* JSON */ = {
			isa = PBXGroup;
			children = (
				A6A8C5611D1809EE00FD2748 /* Api_Handler.h */,
				A6A8C5621D1809EE00FD2748 /* Api_Handler.m */,
				A6A8C5631D1809EE00FD2748 /* JSON.h */,
				A6A8C5641D1809EE00FD2748 /* NSObject+SBJSON.h */,
				A6A8C5651D1809EE00FD2748 /* NSObject+SBJSON.m */,
				A6A8C5661D1809EE00FD2748 /* NSString+SBJSON.h */,
				A6A8C5671D1809EE00FD2748 /* NSString+SBJSON.m */,
				A6A8C5681D1809EE00FD2748 /* RedLaserSDK.h */,
				A6A8C5691D1809EE00FD2748 /* SBJSON.h */,
				A6A8C56A1D1809EE00FD2748 /* SBJSON.m */,
				A6A8C56B1D1809EE00FD2748 /* SBJsonBase.h */,
				A6A8C56C1D1809EE00FD2748 /* SBJsonBase.m */,
				A6A8C56D1D1809EE00FD2748 /* SBJsonParser.h */,
				A6A8C56E1D1809EE00FD2748 /* SBJsonParser.m */,
				A6A8C56F1D1809EE00FD2748 /* SBJsonWriter.h */,
				A6A8C5701D1809EE00FD2748 /* SBJsonWriter.m */,
			);
			path = JSON;
			sourceTree = "<group>";
		};
/* End PBXGroup section */

/* Begin PBXNativeTarget section */
		A63E4C4D1D17AFA9007F8C45 /* KNM */ = {
			isa = PBXNativeTarget;
			buildConfigurationList = A63E4C701D17AFAA007F8C45 /* Build configuration list for PBXNativeTarget "KNM" */;
			buildPhases = (
				A63E4C4A1D17AFA9007F8C45 /* Sources */,
				A63E4C4B1D17AFA9007F8C45 /* Frameworks */,
				A63E4C4C1D17AFA9007F8C45 /* Resources */,
			);
			buildRules = (
			);
			dependencies = (
			);
			name = KNM;
			productName = KNM;
			productReference = A63E4C4E1D17AFA9007F8C45 /* KNM.app */;
			productType = "com.apple.product-type.application";
		};
		A63E4C661D17AFAA007F8C45 /* KNMTests */ = {
			isa = PBXNativeTarget;
			buildConfigurationList = A63E4C731D17AFAA007F8C45 /* Build configuration list for PBXNativeTarget "KNMTests" */;
			buildPhases = (
				A63E4C631D17AFAA007F8C45 /* Sources */,
				A63E4C641D17AFAA007F8C45 /* Frameworks */,
				A63E4C651D17AFAA007F8C45 /* Resources */,
			);
			buildRules = (
			);
			dependencies = (
				A63E4C691D17AFAA007F8C45 /* PBXTargetDependency */,
			);
			name = KNMTests;
			productName = KNMTests;
			productReference = A63E4C671D17AFAA007F8C45 /* KNMTests.xctest */;
			productType = "com.apple.product-type.bundle.unit-test";
		};
/* End PBXNativeTarget section */

/* Begin PBXProject section */
		A63E4C461D17AFA8007F8C45 /* Project object */ = {
			isa = PBXProject;
			attributes = {
				LastUpgradeCheck = 0730;
				ORGANIZATIONNAME = Cybraum;
				TargetAttributes = {
					A63E4C4D1D17AFA9007F8C45 = {
						CreatedOnToolsVersion = 7.3;
					};
					A63E4C661D17AFAA007F8C45 = {
						CreatedOnToolsVersion = 7.3;
						TestTargetID = A63E4C4D1D17AFA9007F8C45;
					};
				};
			};
			buildConfigurationList = A63E4C491D17AFA9007F8C45 /* Build configuration list for PBXProject "KNM" */;
			compatibilityVersion = "Xcode 3.2";
			developmentRegion = English;
			hasScannedForEncodings = 0;
			knownRegions = (
				en,
				Base,
			);
			mainGroup = A63E4C451D17AFA8007F8C45;
			productRefGroup = A63E4C4F1D17AFA9007F8C45 /* Products */;
			projectDirPath = "";
			projectRoot = "";
			targets = (
				A63E4C4D1D17AFA9007F8C45 /* KNM */,
				A63E4C661D17AFAA007F8C45 /* KNMTests */,
			);
		};
/* End PBXProject section */

/* Begin PBXResourcesBuildPhase section */
		A63E4C4C1D17AFA9007F8C45 /* Resources */ = {
			isa = PBXResourcesBuildPhase;
			buildActionMask = 2147483647;
			files = (
				A63E4C871D17BC20007F8C45 /* TextFieldBg.png in Resources */,
				A63E4C831D17B518007F8C45 /* LaunchScreen.xib in Resources */,
				A63E4C7F1D17B1DE007F8C45 /* LoginViewController.xib in Resources */,
				A63E4C851D17BC1D007F8C45 /* Background.png in Resources */,
				A63E4C7A1D17B000007F8C45 /* FirstViewController.xib in Resources */,
				A63E4C5E1D17AFA9007F8C45 /* Assets.xcassets in Resources */,
				A63E4C891D17C0C4007F8C45 /* social.png in Resources */,
			);
			runOnlyForDeploymentPostprocessing = 0;
		};
		A63E4C651D17AFAA007F8C45 /* Resources */ = {
			isa = PBXResourcesBuildPhase;
			buildActionMask = 2147483647;
			files = (
			);
			runOnlyForDeploymentPostprocessing = 0;
		};
/* End PBXResourcesBuildPhase section */

/* Begin PBXSourcesBuildPhase section */
		A63E4C4A1D17AFA9007F8C45 /* Sources */ = {
			isa = PBXSourcesBuildPhase;
			buildActionMask = 2147483647;
			files = (
				A6A8C5711D1809EE00FD2748 /* Api_Handler.m in Sources */,
				A63E4C7E1D17B1DE007F8C45 /* LoginViewController.m in Sources */,
				A6A8C5771D1809EE00FD2748 /* SBJsonWriter.m in Sources */,
				A6A8C5741D1809EE00FD2748 /* SBJSON.m in Sources */,
				A6A8C5761D1809EE00FD2748 /* SBJsonParser.m in Sources */,
				A63E4C561D17AFA9007F8C45 /* AppDelegate.m in Sources */,
				A63E4C791D17B000007F8C45 /* FirstViewController.m in Sources */,
				A6A8C5721D1809EE00FD2748 /* NSObject+SBJSON.m in Sources */,
				A6A8C5731D1809EE00FD2748 /* NSString+SBJSON.m in Sources */,
				A6A8C5751D1809EE00FD2748 /* SBJsonBase.m in Sources */,
				A63E4C531D17AFA9007F8C45 /* main.m in Sources */,
			);
			runOnlyForDeploymentPostprocessing = 0;
		};
		A63E4C631D17AFAA007F8C45 /* Sources */ = {
			isa = PBXSourcesBuildPhase;
			buildActionMask = 2147483647;
			files = (
				A63E4C6C1D17AFAA007F8C45 /* KNMTests.m in Sources */,
			);
			runOnlyForDeploymentPostprocessing = 0;
		};
/* End PBXSourcesBuildPhase section */

/* Begin PBXTargetDependency section */
		A63E4C691D17AFAA007F8C45 /* PBXTargetDependency */ = {
			isa = PBXTargetDependency;
			target = A63E4C4D1D17AFA9007F8C45 /* KNM */;
			targetProxy = A63E4C681D17AFAA007F8C45 /* PBXContainerItemProxy */;
		};
/* End PBXTargetDependency section */

/* Begin XCBuildConfiguration section */
		A63E4C6E1D17AFAA007F8C45 /* Debug */ = {
			isa = XCBuildConfiguration;
			buildSettings = {
				ALWAYS_SEARCH_USER_PATHS = NO;
				CLANG_ANALYZER_NONNULL = YES;
				CLANG_CXX_LANGUAGE_STANDARD = "gnu++0x";
				CLANG_CXX_LIBRARY = "libc++";
				CLANG_ENABLE_MODULES = YES;
				CLANG_ENABLE_OBJC_ARC = YES;
				CLANG_WARN_BOOL_CONVERSION = YES;
				CLANG_WARN_CONSTANT_CONVERSION = YES;
				CLANG_WARN_DIRECT_OBJC_ISA_USAGE = YES_ERROR;
				CLANG_WARN_EMPTY_BODY = YES;
				CLANG_WARN_ENUM_CONVERSION = YES;
				CLANG_WARN_INT_CONVERSION = YES;
				CLANG_WARN_OBJC_ROOT_CLASS = YES_ERROR;
				CLANG_WARN_UNREACHABLE_CODE = YES;
				CLANG_WARN__DUPLICATE_METHOD_MATCH = YES;
				"CODE_SIGN_IDENTITY[sdk=iphoneos*]" = "iPhone Developer";
				COPY_PHASE_STRIP = NO;
				DEBUG_INFORMATION_FORMAT = dwarf;
				ENABLE_STRICT_OBJC_MSGSEND = YES;
				ENABLE_TESTABILITY = YES;
				GCC_C_LANGUAGE_STANDARD = gnu99;
				GCC_DYNAMIC_NO_PIC = NO;
				GCC_NO_COMMON_BLOCKS = YES;
				GCC_OPTIMIZATION_LEVEL = 0;
				GCC_PREPROCESSOR_DEFINITIONS = (
					"DEBUG=1",
					"$(inherited)",
				);
				GCC_WARN_64_TO_32_BIT_CONVERSION = YES;
				GCC_WARN_ABOUT_RETURN_TYPE = YES_ERROR;
				GCC_WARN_UNDECLARED_SELECTOR = YES;
				GCC_WARN_UNINITIALIZED_AUTOS = YES_AGGRESSIVE;
				GCC_WARN_UNUSED_FUNCTION = YES;
				GCC_WARN_UNUSED_VARIABLE = YES;
				IPHONEOS_DEPLOYMENT_TARGET = 9.3;
				MTL_ENABLE_DEBUG_INFO = YES;
				ONLY_ACTIVE_ARCH = YES;
				SDKROOT = iphoneos;
			};
			name = Debug;
		};
		A63E4C6F1D17AFAA007F8C45 /* Release */ = {
			isa = XCBuildConfiguration;
			buildSettings = {
				ALWAYS_SEARCH_USER_PATHS = NO;
				CLANG_ANALYZER_NONNULL = YES;
				CLANG_CXX_LANGUAGE_STANDARD = "gnu++0x";
				CLANG_CXX_LIBRARY = "libc++";
				CLANG_ENABLE_MODULES = YES;
				CLANG_ENABLE_OBJC_ARC = YES;
				CLANG_WARN_BOOL_CONVERSION = YES;
				CLANG_WARN_CONSTANT_CONVERSION = YES;
				CLANG_WARN_DIRECT_OBJC_ISA_USAGE = YES_ERROR;
				CLANG_WARN_EMPTY_BODY = YES;
				CLANG_WARN_ENUM_CONVERSION = YES;
				CLANG_WARN_INT_CONVERSION = YES;
				CLANG_WARN_OBJC_ROOT_CLASS = YES_ERROR;
				CLANG_WARN_UNREACHABLE_CODE = YES;
				CLANG_WARN__DUPLICATE_METHOD_MATCH = YES;
				"CODE_SIGN_IDENTITY[sdk=iphoneos*]" = "iPhone Developer";
				COPY_PHASE_STRIP = NO;
				DEBUG_INFORMATION_FORMAT = "dwarf-with-dsym";
				ENABLE_NS_ASSERTIONS = NO;
				ENABLE_STRICT_OBJC_MSGSEND = YES;
				GCC_C_LANGUAGE_STANDARD = gnu99;
				GCC_NO_COMMON_BLOCKS = YES;
				GCC_WARN_64_TO_32_BIT_CONVERSION = YES;
				GCC_WARN_ABOUT_RETURN_TYPE = YES_ERROR;
				GCC_WARN_UNDECLARED_SELECTOR = YES;
				GCC_WARN_UNINITIALIZED_AUTOS = YES_AGGRESSIVE;
				GCC_WARN_UNUSED_FUNCTION = YES;
				GCC_WARN_UNUSED_VARIABLE = YES;
				IPHONEOS_DEPLOYMENT_TARGET = 9.3;
				MTL_ENABLE_DEBUG_INFO = NO;
				SDKROOT = iphoneos;
				VALIDATE_PRODUCT = YES;
			};
			name = Release;
		};
		A63E4C711D17AFAA007F8C45 /* Debug */ = {
			isa = XCBuildConfiguration;
			buildSettings = {
				ASSETCATALOG_COMPILER_APPICON_NAME = AppIcon;
				INFOPLIST_FILE = KNM/Info.plist;
				LD_RUNPATH_SEARCH_PATHS = "$(inherited) @executable_path/Frameworks";
				PRODUCT_BUNDLE_IDENTIFIER = com.cybraum..KNM;
				PRODUCT_NAME = "$(TARGET_NAME)";
			};
			name = Debug;
		};
		A63E4C721D17AFAA007F8C45 /* Release */ = {
			isa = XCBuildConfiguration;
			buildSettings = {
				ASSETCATALOG_COMPILER_APPICON_NAME = AppIcon;
				INFOPLIST_FILE = KNM/Info.plist;
				LD_RUNPATH_SEARCH_PATHS = "$(inherited) @executable_path/Frameworks";
				PRODUCT_BUNDLE_IDENTIFIER = com.cybraum..KNM;
				PRODUCT_NAME = "$(TARGET_NAME)";
			};
			name = Release;
		};
		A63E4C741D17AFAA007F8C45 /* Debug */ = {
			isa = XCBuildConfiguration;
			buildSettings = {
				BUNDLE_LOADER = "$(TEST_HOST)";
				INFOPLIST_FILE = KNMTests/Info.plist;
				LD_RUNPATH_SEARCH_PATHS = "$(inherited) @executable_path/Frameworks @loader_path/Frameworks";
				PRODUCT_BUNDLE_IDENTIFIER = com.cybraum..KNMTests;
				PRODUCT_NAME = "$(TARGET_NAME)";
				TEST_HOST = "$(BUILT_PRODUCTS_DIR)/KNM.app/KNM";
			};
			name = Debug;
		};
		A63E4C751D17AFAA007F8C45 /* Release */ = {
			isa = XCBuildConfiguration;
			buildSettings = {
				BUNDLE_LOADER = "$(TEST_HOST)";
				INFOPLIST_FILE = KNMTests/Info.plist;
				LD_RUNPATH_SEARCH_PATHS = "$(inherited) @executable_path/Frameworks @loader_path/Frameworks";
				PRODUCT_BUNDLE_IDENTIFIER = com.cybraum..KNMTests;
				PRODUCT_NAME = "$(TARGET_NAME)";
				TEST_HOST = "$(BUILT_PRODUCTS_DIR)/KNM.app/KNM";
			};
			name = Release;
		};
/* End XCBuildConfiguration section */

/* Begin XCConfigurationList section */
		A63E4C491D17AFA9007F8C45 /* Build configuration list for PBXProject "KNM" */ = {
			isa = XCConfigurationList;
			buildConfigurations = (
				A63E4C6E1D17AFAA007F8C45 /* Debug */,
				A63E4C6F1D17AFAA007F8C45 /* Release */,
			);
			defaultConfigurationIsVisible = 0;
			defaultConfigurationName = Release;
		};
		A63E4C701D17AFAA007F8C45 /* Build configuration list for PBXNativeTarget "KNM" */ = {
			isa = XCConfigurationList;
			buildConfigurations = (
				A63E4C711D17AFAA007F8C45 /* Debug */,
				A63E4C721D17AFAA007F8C45 /* Release */,
			);
			defaultConfigurationIsVisible = 0;
			defaultConfigurationName = Release;
		};
		A63E4C731D17AFAA007F8C45 /* Build configuration list for PBXNativeTarget "KNMTests" */ = {
			isa = XCConfigurationList;
			buildConfigurations = (
				A63E4C741D17AFAA007F8C45 /* Debug */,
				A63E4C751D17AFAA007F8C45 /* Release */,
			);
			defaultConfigurationIsVisible = 0;
			defaultConfigurationName = Release;
		};
/* End XCConfigurationList section */
	};
	rootObject = A63E4C461D17AFA8007F8C45 /* Project object */;
}
